{
  "name": "large-app",
  "version": "1.0.0",
  "lockfileVersion": 2,
  "requires": true,
  "packages": {
    "": {
      "name": "large-app",
      "version": "1.0.0",
      "license": "ISC",
      "dependencies": {
        "modules": "file:../colors"
      }
    },
    "../colors": {
      "version": "1.0.0",
      "license": "ISC"
    },
    "node_modules/modules": {
      "resolved": "../colors",
      "link": true
    }
  },
  "dependencies": {
    "modules": {
      "version": "file:../colors"
    }
  }
}
